
Microsoft Visual Studio Solution File, Format Version 12.00
# Visual Studio Version 17
VisualStudioVersion = 17.5.33627.172
MinimumVisualStudioVersion = 10.0.40219.1
Project("{9A19103F-16F7-4668-BE54-9A1E7A4F7556}") = "DataAccess", "DataAccess\DataAccess.csproj", "{DA071A8F-66A9-41A3-8E3D-75A1658C6B11}"
EndProject
Project("{9A19103F-16F7-4668-BE54-9A1E7A4F7556}") = "Business", "Business\Business.csproj", "{23A21FCF-009D-40C3-B03D-C913E8DEE43B}"
EndProject
Project("{9A19103F-16F7-4668-BE54-9A1E7A4F7556}") = "Entities", "Entities\Entities.csproj", "{971B272E-D01B-4B85-925D-E338D9365D93}"
EndProject
Project("{9A19103F-16F7-4668-BE54-9A1E7A4F7556}") = "ConsoleUI", "ConsoleUI\ConsoleUI.csproj", "{8FE8E369-CC79-4115-BF34-57E04AE692F7}"
EndProject
Project("{9A19103F-16F7-4668-BE54-9A1E7A4F7556}") = "Core", "Core\Core.csproj", "{32ED91F2-CB66-4D4B-8BE9-003D38236296}"
EndProject
Project("{FAE04EC0-301F-11D3-BF4B-00C04F79EFBC}") = "WebAPI", "WebAPI\WebAPI.csproj", "{74EA7C24-ACCA-4AB2-B766-B9AF7FDF6CA3}"
EndProject
Global
	GlobalSection(SolutionConfigurationPlatforms) = preSolution
		Debug|Any CPU = Debug|Any CPU
		Release|Any CPU = Release|Any CPU
	EndGlobalSection
	GlobalSection(ProjectConfigurationPlatforms) = postSolution
		{DA071A8F-66A9-41A3-8E3D-75A1658C6B11}.Debug|Any CPU.ActiveCfg = Debug|Any CPU
		{DA071A8F-66A9-41A3-8E3D-75A1658C6B11}.Debug|Any CPU.Build.0 = Debug|Any CPU
		{DA071A8F-66A9-41A3-8E3D-75A1658C6B11}.Release|Any CPU.ActiveCfg = Release|Any CPU
		{DA071A8F-66A9-41A3-8E3D-75A1658C6B11}.Release|Any CPU.Build.0 = Release|Any CPU
		{23A21FCF-009D-40C3-B03D-C913E8DEE43B}.Debug|Any CPU.ActiveCfg = Debug|Any CPU
		{23A21FCF-009D-40C3-B03D-C913E8DEE43B}.Debug|Any CPU.Build.0 = Debug|Any CPU
		{23A21FCF-009D-40C3-B03D-C913E8DEE43B}.Release|Any CPU.ActiveCfg = Release|Any CPU
		{23A21FCF-009D-40C3-B03D-C913E8DEE43B}.Release|Any CPU.Build.0 = Release|Any CPU
		{971B272E-D01B-4B85-925D-E338D9365D93}.Debug|Any CPU.ActiveCfg = Debug|Any CPU
		{971B272E-D01B-4B85-925D-E338D9365D93}.Debug|Any CPU.Build.0 = Debug|Any CPU
		{971B272E-D01B-4B85-925D-E338D9365D93}.Release|Any CPU.ActiveCfg = Release|Any CPU
		{971B272E-D01B-4B85-925D-E338D9365D93}.Release|Any CPU.Build.0 = Release|Any CPU
		{8FE8E369-CC79-4115-BF34-57E04AE692F7}.Debug|Any CPU.ActiveCfg = Debug|Any CPU
		{8FE8E369-CC79-4115-BF34-57E04AE692F7}.Debug|Any CPU.Build.0 = Debug|Any CPU
		{8FE8E369-CC79-4115-BF34-57E04AE692F7}.Release|Any CPU.ActiveCfg = Release|Any CPU
		{8FE8E369-CC79-4115-BF34-57E04AE692F7}.Release|Any CPU.Build.0 = Release|Any CPU
		{32ED91F2-CB66-4D4B-8BE9-003D38236296}.Debug|Any CPU.ActiveCfg = Debug|Any CPU
		{32ED91F2-CB66-4D4B-8BE9-003D38236296}.Debug|Any CPU.Build.0 = Debug|Any CPU
		{32ED91F2-CB66-4D4B-8BE9-003D38236296}.Release|Any CPU.ActiveCfg = Release|Any CPU
		{32ED91F2-CB66-4D4B-8BE9-003D38236296}.Release|Any CPU.Build.0 = Release|Any CPU
		{74EA7C24-ACCA-4AB2-B766-B9AF7FDF6CA3}.Debug|Any CPU.ActiveCfg = Debug|Any CPU
		{74EA7C24-ACCA-4AB2-B766-B9AF7FDF6CA3}.Debug|Any CPU.Build.0 = Debug|Any CPU
		{74EA7C24-ACCA-4AB2-B766-B9AF7FDF6CA3}.Release|Any CPU.ActiveCfg = Release|Any CPU
		{74EA7C24-ACCA-4AB2-B766-B9AF7FDF6CA3}.Release|Any CPU.Build.0 = Release|Any CPU
	EndGlobalSection
	GlobalSection(SolutionProperties) = preSolution
		HideSolutionNode = FALSE
	EndGlobalSection
	GlobalSection(ExtensibilityGlobals) = postSolution
		SolutionGuid = {9B9B68ED-1792-4DD7-9CC7-0FA5A8A121EF}
	EndGlobalSection
EndGlobal
